// !$*UTF8*$!
{
	archiveVersion = 1;
	classes = {
	};
	objectVersion = 50;
	objects = {

/* Begin PBXBuildFile section */
		0461166026493CDD0057620B /* WeatherData.swift in Sources */ = {isa = PBXBuildFile; fileRef = 0461165F26493CDD0057620B /* WeatherData.swift */; };
		046116642649D0B10057620B /* DayViewModel.swift in Sources */ = {isa = PBXBuildFile; fileRef = 046116632649D0B10057620B /* DayViewModel.swift */; };
		046116662649D7CA0057620B /* WeekViewModel.swift in Sources */ = {isa = PBXBuildFile; fileRef = 046116652649D7CA0057620B /* WeekViewModel.swift */; };
		047617B3264181F30030F231 /* AppDelegate.swift in Sources */ = {isa = PBXBuildFile; fileRef = 047617B2264181F30030F231 /* AppDelegate.swift */; };
		047617B5264181F30030F231 /* SceneDelegate.swift in Sources */ = {isa = PBXBuildFile; fileRef = 047617B4264181F30030F231 /* SceneDelegate.swift */; };
		047617B7264181F30030F231 /* RootViewController.swift in Sources */ = {isa = PBXBuildFile; fileRef = 047617B6264181F30030F231 /* RootViewController.swift */; };
		047617BA264181F30030F231 /* Main.storyboard in Resources */ = {isa = PBXBuildFile; fileRef = 047617B8264181F30030F231 /* Main.storyboard */; };
		047617BC264181F60030F231 /* Assets.xcassets in Resources */ = {isa = PBXBuildFile; fileRef = 047617BB264181F60030F231 /* Assets.xcassets */; };
		047617BF264181F60030F231 /* LaunchScreen.storyboard in Resources */ = {isa = PBXBuildFile; fileRef = 047617BD264181F60030F231 /* LaunchScreen.storyboard */; };
		047617D026418CFB0030F231 /* DayViewController.swift in Sources */ = {isa = PBXBuildFile; fileRef = 047617CF26418CFB0030F231 /* DayViewController.swift */; };
		047617D326418DCD0030F231 /* WeekViewController.swift in Sources */ = {isa = PBXBuildFile; fileRef = 047617D226418DCD0030F231 /* WeekViewController.swift */; };
		047617D6264191500030F231 /* UIViewController.swift in Sources */ = {isa = PBXBuildFile; fileRef = 047617D5264191500030F231 /* UIViewController.swift */; };
		047617D8264192630030F231 /* UIStoryboard.swift in Sources */ = {isa = PBXBuildFile; fileRef = 047617D7264192630030F231 /* UIStoryboard.swift */; };
		047617DB2641AAF30030F231 /* WeatherRequest.swift in Sources */ = {isa = PBXBuildFile; fileRef = 047617DA2641AAF30030F231 /* WeatherRequest.swift */; };
		047617DE2641B1C50030F231 /* Configuration.swift in Sources */ = {isa = PBXBuildFile; fileRef = 047617DD2641B1C50030F231 /* Configuration.swift */; };
		047617E1264203B00030F231 /* RootViewModel.swift in Sources */ = {isa = PBXBuildFile; fileRef = 047617E0264203B00030F231 /* RootViewModel.swift */; };
		047617E32643E7760030F231 /* DarkSkyResponse.swift in Sources */ = {isa = PBXBuildFile; fileRef = 047617E22643E7760030F231 /* DarkSkyResponse.swift */; };
/* End PBXBuildFile section */

/* Begin PBXFileReference section */
		0461165F26493CDD0057620B /* WeatherData.swift */ = {isa = PBXFileReference; lastKnownFileType = sourcecode.swift; path = WeatherData.swift; sourceTree = "<group>"; };
		046116632649D0B10057620B /* DayViewModel.swift */ = {isa = PBXFileReference; lastKnownFileType = sourcecode.swift; path = DayViewModel.swift; sourceTree = "<group>"; };
		046116652649D7CA0057620B /* WeekViewModel.swift */ = {isa = PBXFileReference; lastKnownFileType = sourcecode.swift; path = WeekViewModel.swift; sourceTree = "<group>"; };
		047617AF264181F30030F231 /* StormTracker.app */ = {isa = PBXFileReference; explicitFileType = wrapper.application; includeInIndex = 0; path = StormTracker.app; sourceTree = BUILT_PRODUCTS_DIR; };
		047617B2264181F30030F231 /* AppDelegate.swift */ = {isa = PBXFileReference; lastKnownFileType = sourcecode.swift; path = AppDelegate.swift; sourceTree = "<group>"; };
		047617B4264181F30030F231 /* SceneDelegate.swift */ = {isa = PBXFileReference; lastKnownFileType = sourcecode.swift; path = SceneDelegate.swift; sourceTree = "<group>"; };
		047617B6264181F30030F231 /* RootViewController.swift */ = {isa = PBXFileReference; lastKnownFileType = sourcecode.swift; path = RootViewController.swift; sourceTree = "<group>"; };
		047617B9264181F30030F231 /* Base */ = {isa = PBXFileReference; lastKnownFileType = file.storyboard; name = Base; path = Base.lproj/Main.storyboard; sourceTree = "<group>"; };
		047617BB264181F60030F231 /* Assets.xcassets */ = {isa = PBXFileReference; lastKnownFileType = folder.assetcatalog; path = Assets.xcassets; sourceTree = "<group>"; };
		047617BE264181F60030F231 /* Base */ = {isa = PBXFileReference; lastKnownFileType = file.storyboard; name = Base; path = Base.lproj/LaunchScreen.storyboard; sourceTree = "<group>"; };
		047617C0264181F60030F231 /* Info.plist */ = {isa = PBXFileReference; lastKnownFileType = text.plist.xml; path = Info.plist; sourceTree = "<group>"; };
		047617CF26418CFB0030F231 /* DayViewController.swift */ = {isa = PBXFileReference; lastKnownFileType = sourcecode.swift; path = DayViewController.swift; sourceTree = "<group>"; };
		047617D226418DCD0030F231 /* WeekViewController.swift */ = {isa = PBXFileReference; lastKnownFileType = sourcecode.swift; path = WeekViewController.swift; sourceTree = "<group>"; };
		047617D5264191500030F231 /* UIViewController.swift */ = {isa = PBXFileReference; lastKnownFileType = sourcecode.swift; path = UIViewController.swift; sourceTree = "<group>"; };
		047617D7264192630030F231 /* UIStoryboard.swift */ = {isa = PBXFileReference; lastKnownFileType = sourcecode.swift; path = UIStoryboard.swift; sourceTree = "<group>"; };
		047617DA2641AAF30030F231 /* WeatherRequest.swift */ = {isa = PBXFileReference; lastKnownFileType = sourcecode.swift; path = WeatherRequest.swift; sourceTree = "<group>"; };
		047617DD2641B1C50030F231 /* Configuration.swift */ = {isa = PBXFileReference; lastKnownFileType = sourcecode.swift; path = Configuration.swift; sourceTree = "<group>"; };
		047617E0264203B00030F231 /* RootViewModel.swift */ = {isa = PBXFileReference; lastKnownFileType = sourcecode.swift; path = RootViewModel.swift; sourceTree = "<group>"; };
		047617E22643E7760030F231 /* DarkSkyResponse.swift */ = {isa = PBXFileReference; lastKnownFileType = sourcecode.swift; path = DarkSkyResponse.swift; sourceTree = "<group>"; };
/* End PBXFileReference section */

/* Begin PBXFrameworksBuildPhase section */
		047617AC264181F30030F231 /* Frameworks */ = {
			isa = PBXFrameworksBuildPhase;
			buildActionMask = 2147483647;
			files = (
			);
			runOnlyForDeploymentPostprocessing = 0;
		};
/* End PBXFrameworksBuildPhase section */

/* Begin PBXGroup section */
		0461165E26493CC50057620B /* Protocols */ = {
			isa = PBXGroup;
			children = (
				0461165F26493CDD0057620B /* WeatherData.swift */,
			);
			path = Protocols;
			sourceTree = "<group>";
		};
		046116612649D0900057620B /* View Models */ = {
			isa = PBXGroup;
			children = (
				046116652649D7CA0057620B /* WeekViewModel.swift */,
			);
			path = "View Models";
			sourceTree = "<group>";
		};
		046116622649D09B0057620B /* View Models */ = {
			isa = PBXGroup;
			children = (
				046116632649D0B10057620B /* DayViewModel.swift */,
			);
			path = "View Models";
			sourceTree = "<group>";
		};
		047617A6264181F30030F231 = {
			isa = PBXGroup;
			children = (
				047617B1264181F30030F231 /* StormTracker */,
				047617B0264181F30030F231 /* Products */,
			);
			sourceTree = "<group>";
		};
		047617B0264181F30030F231 /* Products */ = {
			isa = PBXGroup;
			children = (
				047617AF264181F30030F231 /* StormTracker.app */,
			);
			name = Products;
			sourceTree = "<group>";
		};
		047617B1264181F30030F231 /* StormTracker */ = {
			isa = PBXGroup;
			children = (
				047617D92641AAD20030F231 /* Models */,
				0461165E26493CC50057620B /* Protocols */,
				047617C6264181FE0030F231 /* Application Delegate */,
				047617C7264182260030F231 /* View Controllers */,
				047617DC2641B12A0030F231 /* Configuration */,
				047617C9264183770030F231 /* Storyboards */,
				047617D4264190D80030F231 /* Extensions */,
				047617CA2641839B0030F231 /* Resources */,
				047617CB264183B00030F231 /* Supporting Files */,
			);
			path = StormTracker;
			sourceTree = "<group>";
		};
		047617C6264181FE0030F231 /* Application Delegate */ = {
			isa = PBXGroup;
			children = (
				047617B2264181F30030F231 /* AppDelegate.swift */,
				047617B4264181F30030F231 /* SceneDelegate.swift */,
			);
			path = "Application Delegate";
			sourceTree = "<group>";
		};
		047617C7264182260030F231 /* View Controllers */ = {
			isa = PBXGroup;
			children = (
				047617C8264182500030F231 /* Root View Controller */,
				047617CD26418CBA0030F231 /* Weather View Controllers */,
			);
			path = "View Controllers";
			sourceTree = "<group>";
		};
		047617C8264182500030F231 /* Root View Controller */ = {
			isa = PBXGroup;
			children = (
				047617DF2642039E0030F231 /* View Models */,
				047617B6264181F30030F231 /* RootViewController.swift */,
			);
			path = "Root View Controller";
			sourceTree = "<group>";
		};
		047617C9264183770030F231 /* Storyboards */ = {
			isa = PBXGroup;
			children = (
				047617B8264181F30030F231 /* Main.storyboard */,
				047617BD264181F60030F231 /* LaunchScreen.storyboard */,
			);
			path = Storyboards;
			sourceTree = "<group>";
		};
		047617CA2641839B0030F231 /* Resources */ = {
			isa = PBXGroup;
			children = (
				047617BB264181F60030F231 /* Assets.xcassets */,
			);
			path = Resources;
			sourceTree = "<group>";
		};
		047617CB264183B00030F231 /* Supporting Files */ = {
			isa = PBXGroup;
			children = (
				047617C0264181F60030F231 /* Info.plist */,
			);
			path = "Supporting Files";
			sourceTree = "<group>";
		};
		047617CD26418CBA0030F231 /* Weather View Controllers */ = {
			isa = PBXGroup;
			children = (
				047617D126418DBA0030F231 /* Week View Controller */,
				047617CE26418CCA0030F231 /* Day View Controller */,
			);
			path = "Weather View Controllers";
			sourceTree = "<group>";
		};
		047617CE26418CCA0030F231 /* Day View Controller */ = {
			isa = PBXGroup;
			children = (
				046116622649D09B0057620B /* View Models */,
				047617CF26418CFB0030F231 /* DayViewController.swift */,
			);
			path = "Day View Controller";
			sourceTree = "<group>";
		};
		047617D126418DBA0030F231 /* Week View Controller */ = {
			isa = PBXGroup;
			children = (
				046116612649D0900057620B /* View Models */,
				047617D226418DCD0030F231 /* WeekViewController.swift */,
			);
			path = "Week View Controller";
			sourceTree = "<group>";
		};
		047617D4264190D80030F231 /* Extensions */ = {
			isa = PBXGroup;
			children = (
				047617D5264191500030F231 /* UIViewController.swift */,
				047617D7264192630030F231 /* UIStoryboard.swift */,
			);
			path = Extensions;
			sourceTree = "<group>";
		};
		047617D92641AAD20030F231 /* Models */ = {
			isa = PBXGroup;
			children = (
				047617DA2641AAF30030F231 /* WeatherRequest.swift */,
				047617E22643E7760030F231 /* DarkSkyResponse.swift */,
			);
			path = Models;
			sourceTree = "<group>";
		};
		047617DC2641B12A0030F231 /* Configuration */ = {
			isa = PBXGroup;
			children = (
				047617DD2641B1C50030F231 /* Configuration.swift */,
			);
			path = Configuration;
			sourceTree = "<group>";
		};
		047617DF2642039E0030F231 /* View Models */ = {
			isa = PBXGroup;
			children = (
				047617E0264203B00030F231 /* RootViewModel.swift */,
			);
			path = "View Models";
			sourceTree = "<group>";
		};
/* End PBXGroup section */

/* Begin PBXNativeTarget section */
		047617AE264181F30030F231 /* StormTracker */ = {
			isa = PBXNativeTarget;
			buildConfigurationList = 047617C3264181F60030F231 /* Build configuration list for PBXNativeTarget "StormTracker" */;
			buildPhases = (
				047617AB264181F30030F231 /* Sources */,
				047617AC264181F30030F231 /* Frameworks */,
				047617AD264181F30030F231 /* Resources */,
			);
			buildRules = (
			);
			dependencies = (
			);
			name = StormTracker;
			productName = StormTracker;
			productReference = 047617AF264181F30030F231 /* StormTracker.app */;
			productType = "com.apple.product-type.application";
		};
/* End PBXNativeTarget section */

/* Begin PBXProject section */
		047617A7264181F30030F231 /* Project object */ = {
			isa = PBXProject;
			attributes = {
				LastSwiftUpdateCheck = 1250;
				LastUpgradeCheck = 1250;
				TargetAttributes = {
					047617AE264181F30030F231 = {
						CreatedOnToolsVersion = 12.5;
					};
				};
			};
			buildConfigurationList = 047617AA264181F30030F231 /* Build configuration list for PBXProject "StormTracker" */;
			compatibilityVersion = "Xcode 9.3";
			developmentRegion = en;
			hasScannedForEncodings = 0;
			knownRegions = (
				en,
				Base,
			);
			mainGroup = 047617A6264181F30030F231;
			productRefGroup = 047617B0264181F30030F231 /* Products */;
			projectDirPath = "";
			projectRoot = "";
			targets = (
				047617AE264181F30030F231 /* StormTracker */,
			);
		};
/* End PBXProject section */

/* Begin PBXResourcesBuildPhase section */
		047617AD264181F30030F231 /* Resources */ = {
			isa = PBXResourcesBuildPhase;
			buildActionMask = 2147483647;
			files = (
				047617BF264181F60030F231 /* LaunchScreen.storyboard in Resources */,
				047617BC264181F60030F231 /* Assets.xcassets in Resources */,
				047617BA264181F30030F231 /* Main.storyboard in Resources */,
			);
			runOnlyForDeploymentPostprocessing = 0;
		};
/* End PBXResourcesBuildPhase section */

/* Begin PBXSourcesBuildPhase section */
		047617AB264181F30030F231 /* Sources */ = {
			isa = PBXSourcesBuildPhase;
			buildActionMask = 2147483647;
			files = (
				047617E1264203B00030F231 /* RootViewModel.swift in Sources */,
				047617DB2641AAF30030F231 /* WeatherRequest.swift in Sources */,
				046116642649D0B10057620B /* DayViewModel.swift in Sources */,
				047617D326418DCD0030F231 /* WeekViewController.swift in Sources */,
				047617B7264181F30030F231 /* RootViewController.swift in Sources */,
				047617E32643E7760030F231 /* DarkSkyResponse.swift in Sources */,
				047617DE2641B1C50030F231 /* Configuration.swift in Sources */,
				047617D6264191500030F231 /* UIViewController.swift in Sources */,
				047617B3264181F30030F231 /* AppDelegate.swift in Sources */,
				047617B5264181F30030F231 /* SceneDelegate.swift in Sources */,
				047617D026418CFB0030F231 /* DayViewController.swift in Sources */,
				0461166026493CDD0057620B /* WeatherData.swift in Sources */,
				046116662649D7CA0057620B /* WeekViewModel.swift in Sources */,
				047617D8264192630030F231 /* UIStoryboard.swift in Sources */,
			);
			runOnlyForDeploymentPostprocessing = 0;
		};
/* End PBXSourcesBuildPhase section */

/* Begin PBXVariantGroup section */
		047617B8264181F30030F231 /* Main.storyboard */ = {
			isa = PBXVariantGroup;
			children = (
				047617B9264181F30030F231 /* Base */,
			);
			name = Main.storyboard;
			sourceTree = "<group>";
		};
		047617BD264181F60030F231 /* LaunchScreen.storyboard */ = {
			isa = PBXVariantGroup;
			children = (
				047617BE264181F60030F231 /* Base */,
			);
			name = LaunchScreen.storyboard;
			sourceTree = "<group>";
		};
/* End PBXVariantGroup section */

/* Begin XCBuildConfiguration section */
		047617C1264181F60030F231 /* Debug */ = {
			isa = XCBuildConfiguration;
			buildSettings = {
				ALWAYS_SEARCH_USER_PATHS = NO;
				CLANG_ANALYZER_NONNULL = YES;
				CLANG_ANALYZER_NUMBER_OBJECT_CONVERSION = YES_AGGRESSIVE;
				CLANG_CXX_LANGUAGE_STANDARD = "gnu++14";
				CLANG_CXX_LIBRARY = "libc++";
				CLANG_ENABLE_MODULES = YES;
				CLANG_ENABLE_OBJC_ARC = YES;
				CLANG_ENABLE_OBJC_WEAK = YES;
				CLANG_WARN_BLOCK_CAPTURE_AUTORELEASING = YES;
				CLANG_WARN_BOOL_CONVERSION = YES;
				CLANG_WARN_COMMA = YES;
				CLANG_WARN_CONSTANT_CONVERSION = YES;
				CLANG_WARN_DEPRECATED_OBJC_IMPLEMENTATIONS = YES;
				CLANG_WARN_DIRECT_OBJC_ISA_USAGE = YES_ERROR;
				CLANG_WARN_DOCUMENTATION_COMMENTS = YES;
				CLANG_WARN_EMPTY_BODY = YES;
				CLANG_WARN_ENUM_CONVERSION = YES;
				CLANG_WARN_INFINITE_RECURSION = YES;
				CLANG_WARN_INT_CONVERSION = YES;
				CLANG_WARN_NON_LITERAL_NULL_CONVERSION = YES;
				CLANG_WARN_OBJC_IMPLICIT_RETAIN_SELF = YES;
				CLANG_WARN_OBJC_LITERAL_CONVERSION = YES;
				CLANG_WARN_OBJC_ROOT_CLASS = YES_ERROR;
				CLANG_WARN_QUOTED_INCLUDE_IN_FRAMEWORK_HEADER = YES;
				CLANG_WARN_RANGE_LOOP_ANALYSIS = YES;
				CLANG_WARN_STRICT_PROTOTYPES = YES;
				CLANG_WARN_SUSPICIOUS_MOVE = YES;
				CLANG_WARN_UNGUARDED_AVAILABILITY = YES_AGGRESSIVE;
				CLANG_WARN_UNREACHABLE_CODE = YES;
				CLANG_WARN__DUPLICATE_METHOD_MATCH = YES;
				COPY_PHASE_STRIP = NO;
				DEBUG_INFORMATION_FORMAT = dwarf;
				ENABLE_STRICT_OBJC_MSGSEND = YES;
				ENABLE_TESTABILITY = YES;
				GCC_C_LANGUAGE_STANDARD = gnu11;
				GCC_DYNAMIC_NO_PIC = NO;
				GCC_NO_COMMON_BLOCKS = YES;
				GCC_OPTIMIZATION_LEVEL = 0;
				GCC_PREPROCESSOR_DEFINITIONS = (
					"DEBUG=1",
					"$(inherited)",
				);
				GCC_WARN_64_TO_32_BIT_CONVERSION = YES;
				GCC_WARN_ABOUT_RETURN_TYPE = YES_ERROR;
				GCC_WARN_UNDECLARED_SELECTOR = YES;
				GCC_WARN_UNINITIALIZED_AUTOS = YES_AGGRESSIVE;
				GCC_WARN_UNUSED_FUNCTION = YES;
				GCC_WARN_UNUSED_VARIABLE = YES;
				IPHONEOS_DEPLOYMENT_TARGET = 14.5;
				MTL_ENABLE_DEBUG_INFO = INCLUDE_SOURCE;
				MTL_FAST_MATH = YES;
				ONLY_ACTIVE_ARCH = YES;
				SDKROOT = iphoneos;
				SWIFT_ACTIVE_COMPILATION_CONDITIONS = DEBUG;
				SWIFT_OPTIMIZATION_LEVEL = "-Onone";
			};
			name = Debug;
		};
		047617C2264181F60030F231 /* Release */ = {
			isa = XCBuildConfiguration;
			buildSettings = {
				ALWAYS_SEARCH_USER_PATHS = NO;
				CLANG_ANALYZER_NONNULL = YES;
				CLANG_ANALYZER_NUMBER_OBJECT_CONVERSION = YES_AGGRESSIVE;
				CLANG_CXX_LANGUAGE_STANDARD = "gnu++14";
				CLANG_CXX_LIBRARY = "libc++";
				CLANG_ENABLE_MODULES = YES;
				CLANG_ENABLE_OBJC_ARC = YES;
				CLANG_ENABLE_OBJC_WEAK = YES;
				CLANG_WARN_BLOCK_CAPTURE_AUTORELEASING = YES;
				CLANG_WARN_BOOL_CONVERSION = YES;
				CLANG_WARN_COMMA = YES;
				CLANG_WARN_CONSTANT_CONVERSION = YES;
				CLANG_WARN_DEPRECATED_OBJC_IMPLEMENTATIONS = YES;
				CLANG_WARN_DIRECT_OBJC_ISA_USAGE = YES_ERROR;
				CLANG_WARN_DOCUMENTATION_COMMENTS = YES;
				CLANG_WARN_EMPTY_BODY = YES;
				CLANG_WARN_ENUM_CONVERSION = YES;
				CLANG_WARN_INFINITE_RECURSION = YES;
				CLANG_WARN_INT_CONVERSION = YES;
				CLANG_WARN_NON_LITERAL_NULL_CONVERSION = YES;
				CLANG_WARN_OBJC_IMPLICIT_RETAIN_SELF = YES;
				CLANG_WARN_OBJC_LITERAL_CONVERSION = YES;
				CLANG_WARN_OBJC_ROOT_CLASS = YES_ERROR;
				CLANG_WARN_QUOTED_INCLUDE_IN_FRAMEWORK_HEADER = YES;
				CLANG_WARN_RANGE_LOOP_ANALYSIS = YES;
				CLANG_WARN_STRICT_PROTOTYPES = YES;
				CLANG_WARN_SUSPICIOUS_MOVE = YES;
				CLANG_WARN_UNGUARDED_AVAILABILITY = YES_AGGRESSIVE;
				CLANG_WARN_UNREACHABLE_CODE = YES;
				CLANG_WARN__DUPLICATE_METHOD_MATCH = YES;
				COPY_PHASE_STRIP = NO;
				DEBUG_INFORMATION_FORMAT = "dwarf-with-dsym";
				ENABLE_NS_ASSERTIONS = NO;
				ENABLE_STRICT_OBJC_MSGSEND = YES;
				GCC_C_LANGUAGE_STANDARD = gnu11;
				GCC_NO_COMMON_BLOCKS = YES;
				GCC_WARN_64_TO_32_BIT_CONVERSION = YES;
				GCC_WARN_ABOUT_RETURN_TYPE = YES_ERROR;
				GCC_WARN_UNDECLARED_SELECTOR = YES;
				GCC_WARN_UNINITIALIZED_AUTOS = YES_AGGRESSIVE;
				GCC_WARN_UNUSED_FUNCTION = YES;
				GCC_WARN_UNUSED_VARIABLE = YES;
				IPHONEOS_DEPLOYMENT_TARGET = 14.5;
				MTL_ENABLE_DEBUG_INFO = NO;
				MTL_FAST_MATH = YES;
				SDKROOT = iphoneos;
				SWIFT_COMPILATION_MODE = wholemodule;
				SWIFT_OPTIMIZATION_LEVEL = "-O";
				VALIDATE_PRODUCT = YES;
			};
			name = Release;
		};
		047617C4264181F60030F231 /* Debug */ = {
			isa = XCBuildConfiguration;
			buildSettings = {
				ASSETCATALOG_COMPILER_APPICON_NAME = AppIcon;
				ASSETCATALOG_COMPILER_GLOBAL_ACCENT_COLOR_NAME = AccentColor;
				CODE_SIGN_STYLE = Automatic;
				CURRENT_PROJECT_VERSION = 1;
				DEVELOPMENT_TEAM = 6ZPB2R3KP8;
				INFOPLIST_FILE = "StormTracker/Supporting Files/Info.plist";
				LD_RUNPATH_SEARCH_PATHS = (
					"$(inherited)",
					"@executable_path/Frameworks",
				);
				MARKETING_VERSION = 1.0;
				PRODUCT_BUNDLE_IDENTIFIER = com.waheedcodes.StormTracker;
				PRODUCT_NAME = "$(TARGET_NAME)";
				SWIFT_VERSION = 5.0;
				TARGETED_DEVICE_FAMILY = 1;
			};
			name = Debug;
		};
		047617C5264181F60030F231 /* Release */ = {
			isa = XCBuildConfiguration;
			buildSettings = {
				ASSETCATALOG_COMPILER_APPICON_NAME = AppIcon;
				ASSETCATALOG_COMPILER_GLOBAL_ACCENT_COLOR_NAME = AccentColor;
				CODE_SIGN_STYLE = Automatic;
				CURRENT_PROJECT_VERSION = 1;
				DEVELOPMENT_TEAM = 6ZPB2R3KP8;
				INFOPLIST_FILE = "StormTracker/Supporting Files/Info.plist";
				LD_RUNPATH_SEARCH_PATHS = (
					"$(inherited)",
					"@executable_path/Frameworks",
				);
				MARKETING_VERSION = 1.0;
				PRODUCT_BUNDLE_IDENTIFIER = com.waheedcodes.StormTracker;
				PRODUCT_NAME = "$(TARGET_NAME)";
				SWIFT_VERSION = 5.0;
				TARGETED_DEVICE_FAMILY = 1;
			};
			name = Release;
		};
/* End XCBuildConfiguration section */

/* Begin XCConfigurationList section */
		047617AA264181F30030F231 /* Build configuration list for PBXProject "StormTracker" */ = {
			isa = XCConfigurationList;
			buildConfigurations = (
				047617C1264181F60030F231 /* Debug */,
				047617C2264181F60030F231 /* Release */,
			);
			defaultConfigurationIsVisible = 0;
			defaultConfigurationName = Release;
		};
		047617C3264181F60030F231 /* Build configuration list for PBXNativeTarget "StormTracker" */ = {
			isa = XCConfigurationList;
			buildConfigurations = (
				047617C4264181F60030F231 /* Debug */,
				047617C5264181F60030F231 /* Release */,
			);
			defaultConfigurationIsVisible = 0;
			defaultConfigurationName = Release;
		};
/* End XCConfigurationList section */
	};
	rootObject = 047617A7264181F30030F231 /* Project object */;
}
